// !$*UTF8*$!
{
	archiveVersion = 1;
	classes = {
	};
	objectVersion = 48;
	objects = {

/* Begin PBXBuildFile section */
		13E3392E20427AB200F288DC /* AppDelegate.swift in Sources */ = {isa = PBXBuildFile; fileRef = 13E3392D20427AB200F288DC /* AppDelegate.swift */; };
		13E3393020427AB200F288DC /* ViewController.swift in Sources */ = {isa = PBXBuildFile; fileRef = 13E3392F20427AB200F288DC /* ViewController.swift */; };
		13E3393320427AB300F288DC /* Main.storyboard in Resources */ = {isa = PBXBuildFile; fileRef = 13E3393120427AB300F288DC /* Main.storyboard */; };
		13E3393520427AB300F288DC /* Assets.xcassets in Resources */ = {isa = PBXBuildFile; fileRef = 13E3393420427AB300F288DC /* Assets.xcassets */; };
		13E3393820427AB300F288DC /* LaunchScreen.storyboard in Resources */ = {isa = PBXBuildFile; fileRef = 13E3393620427AB300F288DC /* LaunchScreen.storyboard */; };
		13E3394020427B0800F288DC /* TaiJi.swift in Sources */ = {isa = PBXBuildFile; fileRef = 13E3393F20427B0800F288DC /* TaiJi.swift */; };
		13E3394220427CA900F288DC /* TianGanDiZhi.swift in Sources */ = {isa = PBXBuildFile; fileRef = 13E3394120427CA900F288DC /* TianGanDiZhi.swift */; };
		13E3394420427DA000F288DC /* Helper.swift in Sources */ = {isa = PBXBuildFile; fileRef = 13E3394320427DA000F288DC /* Helper.swift */; };
		13E339462042867E00F288DC /* BaZi.swift in Sources */ = {isa = PBXBuildFile; fileRef = 13E339452042867E00F288DC /* BaZi.swift */; };
/* End PBXBuildFile section */

/* Begin PBXFileReference section */
		13E3392A20427AB200F288DC /* FourBranch.app */ = {isa = PBXFileReference; explicitFileType = wrapper.application; includeInIndex = 0; path = FourBranch.app; sourceTree = BUILT_PRODUCTS_DIR; };
		13E3392D20427AB200F288DC /* AppDelegate.swift */ = {isa = PBXFileReference; lastKnownFileType = sourcecode.swift; path = AppDelegate.swift; sourceTree = "<group>"; };
		13E3392F20427AB200F288DC /* ViewController.swift */ = {isa = PBXFileReference; lastKnownFileType = sourcecode.swift; path = ViewController.swift; sourceTree = "<group>"; };
		13E3393220427AB300F288DC /* Base */ = {isa = PBXFileReference; lastKnownFileType = file.storyboard; name = Base; path = Base.lproj/Main.storyboard; sourceTree = "<group>"; };
		13E3393420427AB300F288DC /* Assets.xcassets */ = {isa = PBXFileReference; lastKnownFileType = folder.assetcatalog; path = Assets.xcassets; sourceTree = "<group>"; };
		13E3393720427AB300F288DC /* Base */ = {isa = PBXFileReference; lastKnownFileType = file.storyboard; name = Base; path = Base.lproj/LaunchScreen.storyboard; sourceTree = "<group>"; };
		13E3393920427AB300F288DC /* Info.plist */ = {isa = PBXFileReference; lastKnownFileType = text.plist.xml; path = Info.plist; sourceTree = "<group>"; };
		13E3393F20427B0800F288DC /* TaiJi.swift */ = {isa = PBXFileReference; lastKnownFileType = sourcecode.swift; path = TaiJi.swift; sourceTree = "<group>"; };
		13E3394120427CA900F288DC /* TianGanDiZhi.swift */ = {isa = PBXFileReference; lastKnownFileType = sourcecode.swift; path = TianGanDiZhi.swift; sourceTree = "<group>"; };
		13E3394320427DA000F288DC /* Helper.swift */ = {isa = PBXFileReference; lastKnownFileType = sourcecode.swift; path = Helper.swift; sourceTree = "<group>"; };
		13E339452042867E00F288DC /* BaZi.swift */ = {isa = PBXFileReference; lastKnownFileType = sourcecode.swift; path = BaZi.swift; sourceTree = "<group>"; };
/* End PBXFileReference section */

/* Begin PBXFrameworksBuildPhase section */
		13E3392720427AB200F288DC /* Frameworks */ = {
			isa = PBXFrameworksBuildPhase;
			buildActionMask = 2147483647;
			files = (
			);
			runOnlyForDeploymentPostprocessing = 0;
		};
/* End PBXFrameworksBuildPhase section */

/* Begin PBXGroup section */
		13E3392120427AB200F288DC = {
			isa = PBXGroup;
			children = (
				13E3392C20427AB200F288DC /* FourBranch */,
				13E3392B20427AB200F288DC /* Products */,
			);
			sourceTree = "<group>";
		};
		13E3392B20427AB200F288DC /* Products */ = {
			isa = PBXGroup;
			children = (
				13E3392A20427AB200F288DC /* FourBranch.app */,
			);
			name = Products;
			sourceTree = "<group>";
		};
		13E3392C20427AB200F288DC /* FourBranch */ = {
			isa = PBXGroup;
			children = (
				13E3392D20427AB200F288DC /* AppDelegate.swift */,
				13E3392F20427AB200F288DC /* ViewController.swift */,
				13E3393120427AB300F288DC /* Main.storyboard */,
				13E3393420427AB300F288DC /* Assets.xcassets */,
				13E3393620427AB300F288DC /* LaunchScreen.storyboard */,
				13E3393920427AB300F288DC /* Info.plist */,
				13E3393F20427B0800F288DC /* TaiJi.swift */,
				13E339452042867E00F288DC /* BaZi.swift */,
				13E3394320427DA000F288DC /* Helper.swift */,
				13E3394120427CA900F288DC /* TianGanDiZhi.swift */,
			);
			path = FourBranch;
			sourceTree = "<group>";
		};
/* End PBXGroup section */

/* Begin PBXNativeTarget section */
		13E3392920427AB200F288DC /* FourBranch */ = {
			isa = PBXNativeTarget;
			buildConfigurationList = 13E3393C20427AB300F288DC /* Build configuration list for PBXNativeTarget "FourBranch" */;
			buildPhases = (
				13E3392620427AB200F288DC /* Sources */,
				13E3392720427AB200F288DC /* Frameworks */,
				13E3392820427AB200F288DC /* Resources */,
			);
			buildRules = (
			);
			dependencies = (
			);
			name = FourBranch;
			productName = FourBranch;
			productReference = 13E3392A20427AB200F288DC /* FourBranch.app */;
			productType = "com.apple.product-type.application";
		};
/* End PBXNativeTarget section */

/* Begin PBXProject section */
		13E3392220427AB200F288DC /* Project object */ = {
			isa = PBXProject;
			attributes = {
				LastSwiftUpdateCheck = 0920;
				LastUpgradeCheck = 0920;
				ORGANIZATIONNAME = "Beibei Lu";
				TargetAttributes = {
					13E3392920427AB200F288DC = {
						CreatedOnToolsVersion = 9.2;
						ProvisioningStyle = Automatic;
					};
				};
			};
			buildConfigurationList = 13E3392520427AB200F288DC /* Build configuration list for PBXProject "FourBranch" */;
			compatibilityVersion = "Xcode 8.0";
			developmentRegion = en;
			hasScannedForEncodings = 0;
			knownRegions = (
				en,
				Base,
			);
			mainGroup = 13E3392120427AB200F288DC;
			productRefGroup = 13E3392B20427AB200F288DC /* Products */;
			projectDirPath = "";
			projectRoot = "";
			targets = (
				13E3392920427AB200F288DC /* FourBranch */,
			);
		};
/* End PBXProject section */

/* Begin PBXResourcesBuildPhase section */
		13E3392820427AB200F288DC /* Resources */ = {
			isa = PBXResourcesBuildPhase;
			buildActionMask = 2147483647;
			files = (
				13E3393820427AB300F288DC /* LaunchScreen.storyboard in Resources */,
				13E3393520427AB300F288DC /* Assets.xcassets in Resources */,
				13E3393320427AB300F288DC /* Main.storyboard in Resources */,
			);
			runOnlyForDeploymentPostprocessing = 0;
		};
/* End PBXResourcesBuildPhase section */

/* Begin PBXSourcesBuildPhase section */
		13E3392620427AB200F288DC /* Sources */ = {
			isa = PBXSourcesBuildPhase;
			buildActionMask = 2147483647;
			files = (
				13E3394020427B0800F288DC /* TaiJi.swift in Sources */,
				13E3393020427AB200F288DC /* ViewController.swift in Sources */,
				13E3394420427DA000F288DC /* Helper.swift in Sources */,
				13E3392E20427AB200F288DC /* AppDelegate.swift in Sources */,
				13E3394220427CA900F288DC /* TianGanDiZhi.swift in Sources */,
				13E339462042867E00F288DC /* BaZi.swift in Sources */,
			);
			runOnlyForDeploymentPostprocessing = 0;
		};
/* End PBXSourcesBuildPhase section */

/* Begin PBXVariantGroup section */
		13E3393120427AB300F288DC /* Main.storyboard */ = {
			isa = PBXVariantGroup;
			children = (
				13E3393220427AB300F288DC /* Base */,
			);
			name = Main.storyboard;
			sourceTree = "<group>";
		};
		13E3393620427AB300F288DC /* LaunchScreen.storyboard */ = {
			isa = PBXVariantGroup;
			children = (
				13E3393720427AB300F288DC /* Base */,
			);
			name = LaunchScreen.storyboard;
			sourceTree = "<group>";
		};
/* End PBXVariantGroup section */

/* Begin XCBuildConfiguration section */
		13E3393A20427AB300F288DC /* Debug */ = {
			isa = XCBuildConfiguration;
			buildSettings = {
				ALWAYS_SEARCH_USER_PATHS = NO;
				CLANG_ANALYZER_NONNULL = YES;
				CLANG_ANALYZER_NUMBER_OBJECT_CONVERSION = YES_AGGRESSIVE;
				CLANG_CXX_LANGUAGE_STANDARD = "gnu++14";
				CLANG_CXX_LIBRARY = "libc++";
				CLANG_ENABLE_MODULES = YES;
				CLANG_ENABLE_OBJC_ARC = YES;
				CLANG_WARN_BLOCK_CAPTURE_AUTORELEASING = YES;
				CLANG_WARN_BOOL_CONVERSION = YES;
				CLANG_WARN_COMMA = YES;
				CLANG_WARN_CONSTANT_CONVERSION = YES;
				CLANG_WARN_DIRECT_OBJC_ISA_USAGE = YES_ERROR;
				CLANG_WARN_DOCUMENTATION_COMMENTS = YES;
				CLANG_WARN_EMPTY_BODY = YES;
				CLANG_WARN_ENUM_CONVERSION = YES;
				CLANG_WARN_INFINITE_RECURSION = YES;
				CLANG_WARN_INT_CONVERSION = YES;
				CLANG_WARN_NON_LITERAL_NULL_CONVERSION = YES;
				CLANG_WARN_OBJC_LITERAL_CONVERSION = YES;
				CLANG_WARN_OBJC_ROOT_CLASS = YES_ERROR;
				CLANG_WARN_RANGE_LOOP_ANALYSIS = YES;
				CLANG_WARN_STRICT_PROTOTYPES = YES;
				CLANG_WARN_SUSPICIOUS_MOVE = YES;
				CLANG_WARN_UNGUARDED_AVAILABILITY = YES_AGGRESSIVE;
				CLANG_WARN_UNREACHABLE_CODE = YES;
				CLANG_WARN__DUPLICATE_METHOD_MATCH = YES;
				CODE_SIGN_IDENTITY = "iPhone Developer";
				COPY_PHASE_STRIP = NO;
				DEBUG_INFORMATION_FORMAT = dwarf;
				ENABLE_STRICT_OBJC_MSGSEND = YES;
				ENABLE_TESTABILITY = YES;
				GCC_C_LANGUAGE_STANDARD = gnu11;
				GCC_DYNAMIC_NO_PIC = NO;
				GCC_NO_COMMON_BLOCKS = YES;
				GCC_OPTIMIZATION_LEVEL = 0;
				GCC_PREPROCESSOR_DEFINITIONS = (
					"DEBUG=1",
					"$(inherited)",
				);
				GCC_WARN_64_TO_32_BIT_CONVERSION = YES;
				GCC_WARN_ABOUT_RETURN_TYPE = YES_ERROR;
				GCC_WARN_UNDECLARED_SELECTOR = YES;
				GCC_WARN_UNINITIALIZED_AUTOS = YES_AGGRESSIVE;
				GCC_WARN_UNUSED_FUNCTION = YES;
				GCC_WARN_UNUSED_VARIABLE = YES;
				IPHONEOS_DEPLOYMENT_TARGET = 11.2;
				MTL_ENABLE_DEBUG_INFO = YES;
				ONLY_ACTIVE_ARCH = YES;
				SDKROOT = iphoneos;
				SWIFT_ACTIVE_COMPILATION_CONDITIONS = DEBUG;
				SWIFT_OPTIMIZATION_LEVEL = "-Onone";
			};
			name = Debug;
		};
		13E3393B20427AB300F288DC /* Release */ = {
			isa = XCBuildConfiguration;
			buildSettings = {
				ALWAYS_SEARCH_USER_PATHS = NO;
				CLANG_ANALYZER_NONNULL = YES;
				CLANG_ANALYZER_NUMBER_OBJECT_CONVERSION = YES_AGGRESSIVE;
				CLANG_CXX_LANGUAGE_STANDARD = "gnu++14";
				CLANG_CXX_LIBRARY = "libc++";
				CLANG_ENABLE_MODULES = YES;
				CLANG_ENABLE_OBJC_ARC = YES;
				CLANG_WARN_BLOCK_CAPTURE_AUTORELEASING = YES;
				CLANG_WARN_BOOL_CONVERSION = YES;
				CLANG_WARN_COMMA = YES;
				CLANG_WARN_CONSTANT_CONVERSION = YES;
				CLANG_WARN_DIRECT_OBJC_ISA_USAGE = YES_ERROR;
				CLANG_WARN_DOCUMENTATION_COMMENTS = YES;
				CLANG_WARN_EMPTY_BODY = YES;
				CLANG_WARN_ENUM_CONVERSION = YES;
				CLANG_WARN_INFINITE_RECURSION = YES;
				CLANG_WARN_INT_CONVERSION = YES;
				CLANG_WARN_NON_LITERAL_NULL_CONVERSION = YES;
				CLANG_WARN_OBJC_LITERAL_CONVERSION = YES;
				CLANG_WARN_OBJC_ROOT_CLASS = YES_ERROR;
				CLANG_WARN_RANGE_LOOP_ANALYSIS = YES;
				CLANG_WARN_STRICT_PROTOTYPES = YES;
				CLANG_WARN_SUSPICIOUS_MOVE = YES;
				CLANG_WARN_UNGUARDED_AVAILABILITY = YES_AGGRESSIVE;
				CLANG_WARN_UNREACHABLE_CODE = YES;
				CLANG_WARN__DUPLICATE_METHOD_MATCH = YES;
				CODE_SIGN_IDENTITY = "iPhone Developer";
				COPY_PHASE_STRIP = NO;
				DEBUG_INFORMATION_FORMAT = "dwarf-with-dsym";
				ENABLE_NS_ASSERTIONS = NO;
				ENABLE_STRICT_OBJC_MSGSEND = YES;
				GCC_C_LANGUAGE_STANDARD = gnu11;
				GCC_NO_COMMON_BLOCKS = YES;
				GCC_WARN_64_TO_32_BIT_CONVERSION = YES;
				GCC_WARN_ABOUT_RETURN_TYPE = YES_ERROR;
				GCC_WARN_UNDECLARED_SELECTOR = YES;
				GCC_WARN_UNINITIALIZED_AUTOS = YES_AGGRESSIVE;
				GCC_WARN_UNUSED_FUNCTION = YES;
				GCC_WARN_UNUSED_VARIABLE = YES;
				IPHONEOS_DEPLOYMENT_TARGET = 11.2;
				MTL_ENABLE_DEBUG_INFO = NO;
				SDKROOT = iphoneos;
				SWIFT_OPTIMIZATION_LEVEL = "-Owholemodule";
				VALIDATE_PRODUCT = YES;
			};
			name = Release;
		};
		13E3393D20427AB300F288DC /* Debug */ = {
			isa = XCBuildConfiguration;
			buildSettings = {
				ASSETCATALOG_COMPILER_APPICON_NAME = AppIcon;
				CODE_SIGN_STYLE = Automatic;
				DEVELOPMENT_TEAM = 883V8BSB59;
				INFOPLIST_FILE = FourBranch/Info.plist;
				LD_RUNPATH_SEARCH_PATHS = "$(inherited) @executable_path/Frameworks";
				PRODUCT_BUNDLE_IDENTIFIER = io.beibeilu.FourBranch;
				PRODUCT_NAME = "$(TARGET_NAME)";
				SWIFT_VERSION = 4.0;
				TARGETED_DEVICE_FAMILY = "1,2";
			};
			name = Debug;
		};
		13E3393E20427AB300F288DC /* Release */ = {
			isa = XCBuildConfiguration;
			buildSettings = {
				ASSETCATALOG_COMPILER_APPICON_NAME = AppIcon;
				CODE_SIGN_STYLE = Automatic;
				DEVELOPMENT_TEAM = 883V8BSB59;
				INFOPLIST_FILE = FourBranch/Info.plist;
				LD_RUNPATH_SEARCH_PATHS = "$(inherited) @executable_path/Frameworks";
				PRODUCT_BUNDLE_IDENTIFIER = io.beibeilu.FourBranch;
				PRODUCT_NAME = "$(TARGET_NAME)";
				SWIFT_VERSION = 4.0;
				TARGETED_DEVICE_FAMILY = "1,2";
			};
			name = Release;
		};
/* End XCBuildConfiguration section */

/* Begin XCConfigurationList section */
		13E3392520427AB200F288DC /* Build configuration list for PBXProject "FourBranch" */ = {
			isa = XCConfigurationList;
			buildConfigurations = (
				13E3393A20427AB300F288DC /* Debug */,
				13E3393B20427AB300F288DC /* Release */,
			);
			defaultConfigurationIsVisible = 0;
			defaultConfigurationName = Release;
		};
		13E3393C20427AB300F288DC /* Build configuration list for PBXNativeTarget "FourBranch" */ = {
			isa = XCConfigurationList;
			buildConfigurations = (
				13E3393D20427AB300F288DC /* Debug */,
				13E3393E20427AB300F288DC /* Release */,
			);
			defaultConfigurationIsVisible = 0;
			defaultConfigurationName = Release;
		};
/* End XCConfigurationList section */
	};
	rootObject = 13E3392220427AB200F288DC /* Project object */;
}
